
Microsoft Visual Studio Solution File, Format Version 11.00
# Visual Studio 2010
Project("{FAE04EC0-301F-11D3-BF4B-00C04F79EFBC}") = "UnityEngine.UI", "UnityEngine.UI.csproj", "{5e8311ff-a917-c96d-9904-7ee91c0ab8b8}"
EndProject
Project("{FAE04EC0-301F-11D3-BF4B-00C04F79EFBC}") = "UnityEngine.TestRunner", "UnityEngine.TestRunner.csproj", "{3e46be26-3990-eabb-ef4e-1d237103183b}"
EndProject
Project("{FAE04EC0-301F-11D3-BF4B-00C04F79EFBC}") = "Unity.VisualScripting.Flow", "Unity.VisualScripting.Flow.csproj", "{ed000b39-5072-e19b-871e-10497a5127cd}"
EndProject
Project("{FAE04EC0-301F-11D3-BF4B-00C04F79EFBC}") = "Unity.Services.Core.Telemetry", "Unity.Services.Core.Telemetry.csproj", "{68c5a406-9a3d-e558-ff48-6008bf91e6a9}"
EndProject
Project("{FAE04EC0-301F-11D3-BF4B-00C04F79EFBC}") = "Unity.VisualScripting.State", "Unity.VisualScripting.State.csproj", "{a642c837-d84b-7a2e-3d8a-dca2b3cbd406}"
EndProject
Project("{FAE04EC0-301F-11D3-BF4B-00C04F79EFBC}") = "Unity.VisualScripting.Core", "Unity.VisualScripting.Core.csproj", "{f6c1806d-6e5e-6c58-09f2-bfd721ce38ae}"
EndProject
Project("{FAE04EC0-301F-11D3-BF4B-00C04F79EFBC}") = "Unity.Services.Core.Environments.Internal", "Unity.Services.Core.Environments.Internal.csproj", "{87f6eb4b-e520-f4d5-f143-aee9b3ab5086}"
EndProject
Project("{FAE04EC0-301F-11D3-BF4B-00C04F79EFBC}") = "Unity.TextMeshPro", "Unity.TextMeshPro.csproj", "{596a1389-8746-bb6a-f010-ae6cf56a2bad}"
EndProject
Project("{FAE04EC0-301F-11D3-BF4B-00C04F79EFBC}") = "Unity.Timeline", "Unity.Timeline.csproj", "{d31ef9ec-19b4-b392-adf5-ec553c053576}"
EndProject
Project("{FAE04EC0-301F-11D3-BF4B-00C04F79EFBC}") = "Unity.Services.Core", "Unity.Services.Core.csproj", "{84cb509e-836a-3642-87bb-e4efb2f48ff2}"
EndProject
Project("{FAE04EC0-301F-11D3-BF4B-00C04F79EFBC}") = "Assembly-CSharp", "Assembly-CSharp.csproj", "{9b2d7c34-f7c3-578e-ef37-2702bd809700}"
EndProject
Project("{FAE04EC0-301F-11D3-BF4B-00C04F79EFBC}") = "Unity.Services.Core.Environments", "Unity.Services.Core.Environments.csproj", "{3b2203e9-0ac0-bf1e-7529-253e72a6c63d}"
EndProject
Project("{FAE04EC0-301F-11D3-BF4B-00C04F79EFBC}") = "Assembly-CSharp-firstpass", "Assembly-CSharp-firstpass.csproj", "{b37d28ae-9c8d-bd61-061b-3d642eb11d13}"
EndProject
Project("{FAE04EC0-301F-11D3-BF4B-00C04F79EFBC}") = "Unity.Services.Core.Internal", "Unity.Services.Core.Internal.csproj", "{2f667078-3dc5-c05d-f28d-3475f14ba069}"
EndProject
Project("{FAE04EC0-301F-11D3-BF4B-00C04F79EFBC}") = "Unity.Services.Core.Analytics", "Unity.Services.Core.Analytics.csproj", "{d1c51d5f-8871-2c8f-9290-b9ae13673522}"
EndProject
Project("{FAE04EC0-301F-11D3-BF4B-00C04F79EFBC}") = "Unity.Services.Core.Scheduler", "Unity.Services.Core.Scheduler.csproj", "{cd14db79-9735-88a3-3da0-36eb792db426}"
EndProject
Project("{FAE04EC0-301F-11D3-BF4B-00C04F79EFBC}") = "Unity.Services.Core.Registration", "Unity.Services.Core.Registration.csproj", "{1e6d542b-1359-c962-6a0a-2788be3f1ced}"
EndProject
Project("{FAE04EC0-301F-11D3-BF4B-00C04F79EFBC}") = "Unity.Services.Core.Device", "Unity.Services.Core.Device.csproj", "{4fdf3e43-1ade-7b3e-d6a9-3f347fc9ca8c}"
EndProject
Project("{FAE04EC0-301F-11D3-BF4B-00C04F79EFBC}") = "Unity.Services.Core.Threading", "Unity.Services.Core.Threading.csproj", "{07320337-beb2-d71a-554e-07ec2bed2d8b}"
EndProject
Project("{FAE04EC0-301F-11D3-BF4B-00C04F79EFBC}") = "Unity.Services.Core.Networking", "Unity.Services.Core.Networking.csproj", "{03bf53e6-b4f4-8a19-7308-6286a68af783}"
EndProject
Project("{FAE04EC0-301F-11D3-BF4B-00C04F79EFBC}") = "Unity.Services.Core.Configuration", "Unity.Services.Core.Configuration.csproj", "{0378a564-b94a-c6b6-f76b-e3ba8a2a2ce1}"
EndProject
Project("{FAE04EC0-301F-11D3-BF4B-00C04F79EFBC}") = "Unity.PlasticSCM.Editor", "Unity.PlasticSCM.Editor.csproj", "{a4f77a78-7c57-ad9a-79b9-7650617e1ca2}"
EndProject
Project("{FAE04EC0-301F-11D3-BF4B-00C04F79EFBC}") = "Unity.VisualScripting.Core.Editor", "Unity.VisualScripting.Core.Editor.csproj", "{8cc380a5-ebb2-70c9-91fb-0cb0002b8acd}"
EndProject
Project("{FAE04EC0-301F-11D3-BF4B-00C04F79EFBC}") = "Unity.VisualScripting.Flow.Editor", "Unity.VisualScripting.Flow.Editor.csproj", "{d8e41e4a-8c4f-20bc-13d6-6363fe5ecb55}"
EndProject
Project("{FAE04EC0-301F-11D3-BF4B-00C04F79EFBC}") = "Unity.VisualStudio.Editor", "Unity.VisualStudio.Editor.csproj", "{6451132e-bbc9-bf47-0277-d6dd1f92168b}"
EndProject
Project("{FAE04EC0-301F-11D3-BF4B-00C04F79EFBC}") = "Unity.Timeline.Editor", "Unity.Timeline.Editor.csproj", "{61815c4f-4bf3-43be-2d03-f32e5f55890d}"
EndProject
Project("{FAE04EC0-301F-11D3-BF4B-00C04F79EFBC}") = "Unity.VisualScripting.State.Editor", "Unity.VisualScripting.State.Editor.csproj", "{f8322632-9a34-3ba8-cfea-d1b0e38ebd12}"
EndProject
Project("{FAE04EC0-301F-11D3-BF4B-00C04F79EFBC}") = "Unity.TextMeshPro.Editor", "Unity.TextMeshPro.Editor.csproj", "{1dc6a783-f156-1de8-ae27-23a6dbda0abc}"
EndProject
Project("{FAE04EC0-301F-11D3-BF4B-00C04F79EFBC}") = "Unity.VisualScripting.SettingsProvider.Editor", "Unity.VisualScripting.SettingsProvider.Editor.csproj", "{8b5d69fa-c89a-6686-0112-bd0eb8148836}"
EndProject
Project("{FAE04EC0-301F-11D3-BF4B-00C04F79EFBC}") = "Unity.CollabProxy.Editor", "Unity.CollabProxy.Editor.csproj", "{c7940814-a62c-070b-7476-66d4e5e6ce35}"
EndProject
Project("{FAE04EC0-301F-11D3-BF4B-00C04F79EFBC}") = "UnityEditor.TestRunner", "UnityEditor.TestRunner.csproj", "{30436903-fbf3-26da-0631-5898e959580a}"
EndProject
Project("{FAE04EC0-301F-11D3-BF4B-00C04F79EFBC}") = "Unity.Services.Core.Editor", "Unity.Services.Core.Editor.csproj", "{8382ae46-40cb-3a89-1620-698acfe23b80}"
EndProject
Project("{FAE04EC0-301F-11D3-BF4B-00C04F79EFBC}") = "Unity.TestTools.CodeCoverage.Editor", "Unity.TestTools.CodeCoverage.Editor.csproj", "{8b440f2e-9754-2f61-309a-3421e3cb6c3c}"
EndProject
Project("{FAE04EC0-301F-11D3-BF4B-00C04F79EFBC}") = "Unity.Rider.Editor", "Unity.Rider.Editor.csproj", "{da09466f-d822-e1de-4231-f236b4b72880}"
EndProject
Project("{FAE04EC0-301F-11D3-BF4B-00C04F79EFBC}") = "Unity.Performance.Profile-Analyzer.Editor", "Unity.Performance.Profile-Analyzer.Editor.csproj", "{4a9b771a-375f-9865-b8da-76a932f6b14f}"
EndProject
Project("{FAE04EC0-301F-11D3-BF4B-00C04F79EFBC}") = "Unity.VSCode.Editor", "Unity.VSCode.Editor.csproj", "{2a560113-b70d-12a5-4948-be96fb345505}"
EndProject
Project("{FAE04EC0-301F-11D3-BF4B-00C04F79EFBC}") = "UnityEditor.UI", "UnityEditor.UI.csproj", "{b4c10820-b187-fddf-59c3-058078bd49a8}"
EndProject
Project("{FAE04EC0-301F-11D3-BF4B-00C04F79EFBC}") = "Unity.TestTools.CodeCoverage.Editor.OpenCover.Model", "Unity.TestTools.CodeCoverage.Editor.OpenCover.Model.csproj", "{4816bbe1-830a-ed82-3036-63476139ba92}"
EndProject
Project("{FAE04EC0-301F-11D3-BF4B-00C04F79EFBC}") = "Unity.EditorCoroutines.Editor", "Unity.EditorCoroutines.Editor.csproj", "{a0634868-9d1e-4d4f-58da-052ca4165824}"
EndProject
Project("{FAE04EC0-301F-11D3-BF4B-00C04F79EFBC}") = "Unity.Settings.Editor", "Unity.Settings.Editor.csproj", "{e7eeac5a-55e2-255b-8010-3d47d91b860c}"
EndProject
Project("{FAE04EC0-301F-11D3-BF4B-00C04F79EFBC}") = "Unity.Services.Core.Configuration.Editor", "Unity.Services.Core.Configuration.Editor.csproj", "{49d3fadf-c27b-9033-100f-3931a22ed273}"
EndProject
Project("{FAE04EC0-301F-11D3-BF4B-00C04F79EFBC}") = "Assembly-CSharp-Editor-firstpass", "Assembly-CSharp-Editor-firstpass.csproj", "{540535ce-c438-1bdf-81e6-b3a3d9324f73}"
EndProject
Project("{FAE04EC0-301F-11D3-BF4B-00C04F79EFBC}") = "Unity.TestTools.CodeCoverage.Editor.OpenCover.Mono.Reflection", "Unity.TestTools.CodeCoverage.Editor.OpenCover.Mono.Reflection.csproj", "{bd2301ec-a0a7-9c08-9527-9e8839fbbf4a}"
EndProject
Project("{FAE04EC0-301F-11D3-BF4B-00C04F79EFBC}") = "Unity.VisualScripting.Shared.Editor", "Unity.VisualScripting.Shared.Editor.csproj", "{e7ab90a9-8066-bad1-20e4-dab780fd3bb3}"
EndProject
Global
	GlobalSection(SolutionConfigurationPlatforms) = preSolution
		Debug|Any CPU = Debug|Any CPU
	EndGlobalSection
	GlobalSection(ProjectConfigurationPlatforms) = postSolution
		{5e8311ff-a917-c96d-9904-7ee91c0ab8b8}.Debug|Any CPU.ActiveCfg = Debug|Any CPU
		{5e8311ff-a917-c96d-9904-7ee91c0ab8b8}.Debug|Any CPU.Build.0 = Debug|Any CPU
		{3e46be26-3990-eabb-ef4e-1d237103183b}.Debug|Any CPU.ActiveCfg = Debug|Any CPU
		{3e46be26-3990-eabb-ef4e-1d237103183b}.Debug|Any CPU.Build.0 = Debug|Any CPU
		{ed000b39-5072-e19b-871e-10497a5127cd}.Debug|Any CPU.ActiveCfg = Debug|Any CPU
		{ed000b39-5072-e19b-871e-10497a5127cd}.Debug|Any CPU.Build.0 = Debug|Any CPU
		{68c5a406-9a3d-e558-ff48-6008bf91e6a9}.Debug|Any CPU.ActiveCfg = Debug|Any CPU
		{68c5a406-9a3d-e558-ff48-6008bf91e6a9}.Debug|Any CPU.Build.0 = Debug|Any CPU
		{a642c837-d84b-7a2e-3d8a-dca2b3cbd406}.Debug|Any CPU.ActiveCfg = Debug|Any CPU
		{a642c837-d84b-7a2e-3d8a-dca2b3cbd406}.Debug|Any CPU.Build.0 = Debug|Any CPU
		{f6c1806d-6e5e-6c58-09f2-bfd721ce38ae}.Debug|Any CPU.ActiveCfg = Debug|Any CPU
		{f6c1806d-6e5e-6c58-09f2-bfd721ce38ae}.Debug|Any CPU.Build.0 = Debug|Any CPU
		{87f6eb4b-e520-f4d5-f143-aee9b3ab5086}.Debug|Any CPU.ActiveCfg = Debug|Any CPU
		{87f6eb4b-e520-f4d5-f143-aee9b3ab5086}.Debug|Any CPU.Build.0 = Debug|Any CPU
		{596a1389-8746-bb6a-f010-ae6cf56a2bad}.Debug|Any CPU.ActiveCfg = Debug|Any CPU
		{596a1389-8746-bb6a-f010-ae6cf56a2bad}.Debug|Any CPU.Build.0 = Debug|Any CPU
		{d31ef9ec-19b4-b392-adf5-ec553c053576}.Debug|Any CPU.ActiveCfg = Debug|Any CPU
		{d31ef9ec-19b4-b392-adf5-ec553c053576}.Debug|Any CPU.Build.0 = Debug|Any CPU
		{84cb509e-836a-3642-87bb-e4efb2f48ff2}.Debug|Any CPU.ActiveCfg = Debug|Any CPU
		{84cb509e-836a-3642-87bb-e4efb2f48ff2}.Debug|Any CPU.Build.0 = Debug|Any CPU
		{9b2d7c34-f7c3-578e-ef37-2702bd809700}.Debug|Any CPU.ActiveCfg = Debug|Any CPU
		{9b2d7c34-f7c3-578e-ef37-2702bd809700}.Debug|Any CPU.Build.0 = Debug|Any CPU
		{3b2203e9-0ac0-bf1e-7529-253e72a6c63d}.Debug|Any CPU.ActiveCfg = Debug|Any CPU
		{3b2203e9-0ac0-bf1e-7529-253e72a6c63d}.Debug|Any CPU.Build.0 = Debug|Any CPU
		{b37d28ae-9c8d-bd61-061b-3d642eb11d13}.Debug|Any CPU.ActiveCfg = Debug|Any CPU
		{b37d28ae-9c8d-bd61-061b-3d642eb11d13}.Debug|Any CPU.Build.0 = Debug|Any CPU
		{2f667078-3dc5-c05d-f28d-3475f14ba069}.Debug|Any CPU.ActiveCfg = Debug|Any CPU
		{2f667078-3dc5-c05d-f28d-3475f14ba069}.Debug|Any CPU.Build.0 = Debug|Any CPU
		{d1c51d5f-8871-2c8f-9290-b9ae13673522}.Debug|Any CPU.ActiveCfg = Debug|Any CPU
		{d1c51d5f-8871-2c8f-9290-b9ae13673522}.Debug|Any CPU.Build.0 = Debug|Any CPU
		{cd14db79-9735-88a3-3da0-36eb792db426}.Debug|Any CPU.ActiveCfg = Debug|Any CPU
		{cd14db79-9735-88a3-3da0-36eb792db426}.Debug|Any CPU.Build.0 = Debug|Any CPU
		{1e6d542b-1359-c962-6a0a-2788be3f1ced}.Debug|Any CPU.ActiveCfg = Debug|Any CPU
		{1e6d542b-1359-c962-6a0a-2788be3f1ced}.Debug|Any CPU.Build.0 = Debug|Any CPU
		{4fdf3e43-1ade-7b3e-d6a9-3f347fc9ca8c}.Debug|Any CPU.ActiveCfg = Debug|Any CPU
		{4fdf3e43-1ade-7b3e-d6a9-3f347fc9ca8c}.Debug|Any CPU.Build.0 = Debug|Any CPU
		{07320337-beb2-d71a-554e-07ec2bed2d8b}.Debug|Any CPU.ActiveCfg = Debug|Any CPU
		{07320337-beb2-d71a-554e-07ec2bed2d8b}.Debug|Any CPU.Build.0 = Debug|Any CPU
		{03bf53e6-b4f4-8a19-7308-6286a68af783}.Debug|Any CPU.ActiveCfg = Debug|Any CPU
		{03bf53e6-b4f4-8a19-7308-6286a68af783}.Debug|Any CPU.Build.0 = Debug|Any CPU
		{0378a564-b94a-c6b6-f76b-e3ba8a2a2ce1}.Debug|Any CPU.ActiveCfg = Debug|Any CPU
		{0378a564-b94a-c6b6-f76b-e3ba8a2a2ce1}.Debug|Any CPU.Build.0 = Debug|Any CPU
		{a4f77a78-7c57-ad9a-79b9-7650617e1ca2}.Debug|Any CPU.ActiveCfg = Debug|Any CPU
		{a4f77a78-7c57-ad9a-79b9-7650617e1ca2}.Debug|Any CPU.Build.0 = Debug|Any CPU
		{8cc380a5-ebb2-70c9-91fb-0cb0002b8acd}.Debug|Any CPU.ActiveCfg = Debug|Any CPU
		{8cc380a5-ebb2-70c9-91fb-0cb0002b8acd}.Debug|Any CPU.Build.0 = Debug|Any CPU
		{d8e41e4a-8c4f-20bc-13d6-6363fe5ecb55}.Debug|Any CPU.ActiveCfg = Debug|Any CPU
		{d8e41e4a-8c4f-20bc-13d6-6363fe5ecb55}.Debug|Any CPU.Build.0 = Debug|Any CPU
		{6451132e-bbc9-bf47-0277-d6dd1f92168b}.Debug|Any CPU.ActiveCfg = Debug|Any CPU
		{6451132e-bbc9-bf47-0277-d6dd1f92168b}.Debug|Any CPU.Build.0 = Debug|Any CPU
		{61815c4f-4bf3-43be-2d03-f32e5f55890d}.Debug|Any CPU.ActiveCfg = Debug|Any CPU
		{61815c4f-4bf3-43be-2d03-f32e5f55890d}.Debug|Any CPU.Build.0 = Debug|Any CPU
		{f8322632-9a34-3ba8-cfea-d1b0e38ebd12}.Debug|Any CPU.ActiveCfg = Debug|Any CPU
		{f8322632-9a34-3ba8-cfea-d1b0e38ebd12}.Debug|Any CPU.Build.0 = Debug|Any CPU
		{1dc6a783-f156-1de8-ae27-23a6dbda0abc}.Debug|Any CPU.ActiveCfg = Debug|Any CPU
		{1dc6a783-f156-1de8-ae27-23a6dbda0abc}.Debug|Any CPU.Build.0 = Debug|Any CPU
		{8b5d69fa-c89a-6686-0112-bd0eb8148836}.Debug|Any CPU.ActiveCfg = Debug|Any CPU
		{8b5d69fa-c89a-6686-0112-bd0eb8148836}.Debug|Any CPU.Build.0 = Debug|Any CPU
		{c7940814-a62c-070b-7476-66d4e5e6ce35}.Debug|Any CPU.ActiveCfg = Debug|Any CPU
		{c7940814-a62c-070b-7476-66d4e5e6ce35}.Debug|Any CPU.Build.0 = Debug|Any CPU
		{30436903-fbf3-26da-0631-5898e959580a}.Debug|Any CPU.ActiveCfg = Debug|Any CPU
		{30436903-fbf3-26da-0631-5898e959580a}.Debug|Any CPU.Build.0 = Debug|Any CPU
		{8382ae46-40cb-3a89-1620-698acfe23b80}.Debug|Any CPU.ActiveCfg = Debug|Any CPU
		{8382ae46-40cb-3a89-1620-698acfe23b80}.Debug|Any CPU.Build.0 = Debug|Any CPU
		{8b440f2e-9754-2f61-309a-3421e3cb6c3c}.Debug|Any CPU.ActiveCfg = Debug|Any CPU
		{8b440f2e-9754-2f61-309a-3421e3cb6c3c}.Debug|Any CPU.Build.0 = Debug|Any CPU
		{da09466f-d822-e1de-4231-f236b4b72880}.Debug|Any CPU.ActiveCfg = Debug|Any CPU
		{da09466f-d822-e1de-4231-f236b4b72880}.Debug|Any CPU.Build.0 = Debug|Any CPU
		{4a9b771a-375f-9865-b8da-76a932f6b14f}.Debug|Any CPU.ActiveCfg = Debug|Any CPU
		{4a9b771a-375f-9865-b8da-76a932f6b14f}.Debug|Any CPU.Build.0 = Debug|Any CPU
		{2a560113-b70d-12a5-4948-be96fb345505}.Debug|Any CPU.ActiveCfg = Debug|Any CPU
		{2a560113-b70d-12a5-4948-be96fb345505}.Debug|Any CPU.Build.0 = Debug|Any CPU
		{b4c10820-b187-fddf-59c3-058078bd49a8}.Debug|Any CPU.ActiveCfg = Debug|Any CPU
		{b4c10820-b187-fddf-59c3-058078bd49a8}.Debug|Any CPU.Build.0 = Debug|Any CPU
		{4816bbe1-830a-ed82-3036-63476139ba92}.Debug|Any CPU.ActiveCfg = Debug|Any CPU
		{4816bbe1-830a-ed82-3036-63476139ba92}.Debug|Any CPU.Build.0 = Debug|Any CPU
		{a0634868-9d1e-4d4f-58da-052ca4165824}.Debug|Any CPU.ActiveCfg = Debug|Any CPU
		{a0634868-9d1e-4d4f-58da-052ca4165824}.Debug|Any CPU.Build.0 = Debug|Any CPU
		{e7eeac5a-55e2-255b-8010-3d47d91b860c}.Debug|Any CPU.ActiveCfg = Debug|Any CPU
		{e7eeac5a-55e2-255b-8010-3d47d91b860c}.Debug|Any CPU.Build.0 = Debug|Any CPU
		{49d3fadf-c27b-9033-100f-3931a22ed273}.Debug|Any CPU.ActiveCfg = Debug|Any CPU
		{49d3fadf-c27b-9033-100f-3931a22ed273}.Debug|Any CPU.Build.0 = Debug|Any CPU
		{540535ce-c438-1bdf-81e6-b3a3d9324f73}.Debug|Any CPU.ActiveCfg = Debug|Any CPU
		{540535ce-c438-1bdf-81e6-b3a3d9324f73}.Debug|Any CPU.Build.0 = Debug|Any CPU
		{bd2301ec-a0a7-9c08-9527-9e8839fbbf4a}.Debug|Any CPU.ActiveCfg = Debug|Any CPU
		{bd2301ec-a0a7-9c08-9527-9e8839fbbf4a}.Debug|Any CPU.Build.0 = Debug|Any CPU
		{e7ab90a9-8066-bad1-20e4-dab780fd3bb3}.Debug|Any CPU.ActiveCfg = Debug|Any CPU
		{e7ab90a9-8066-bad1-20e4-dab780fd3bb3}.Debug|Any CPU.Build.0 = Debug|Any CPU
	EndGlobalSection
	GlobalSection(SolutionProperties) = preSolution
		HideSolutionNode = FALSE
	EndGlobalSection
EndGlobal
